
Microsoft Visual Studio Solution File, Format Version 12.00
# Visual Studio 15
VisualStudioVersion = 15.0.28010.2046
MinimumVisualStudioVersion = 10.0.40219.1
Project("{2150E333-8FDC-42A3-9474-1A3956D46DE8}") = "Builder", "Builder", "{5D044A08-F267-4AD0-B2C7-AC18F4FFE823}"
EndProject
Project("{2150E333-8FDC-42A3-9474-1A3956D46DE8}") = "Behavior", "Behavior", "{FAB87EA3-91BE-470F-A41F-FF35D09B4D6C}"
EndProject
Project("{2150E333-8FDC-42A3-9474-1A3956D46DE8}") = "Structure", "Structure", "{00727AAC-91C9-4FE5-A803-0F1F1D36A9EF}"
EndProject
Project("{FAE04EC0-301F-11D3-BF4B-00C04F79EFBC}") = "BuilderPattern", "BuilderPattern\BuilderPattern.csproj", "{7CCC9689-F94B-4A8A-8BFD-02CED7E25EC9}"
EndProject
Project("{FAE04EC0-301F-11D3-BF4B-00C04F79EFBC}") = "BuilderPatternTests", "BuilderPatternTests\BuilderPatternTests.csproj", "{D1963C8B-6D70-4610-8021-3CACF66B933D}"
EndProject
Project("{FAE04EC0-301F-11D3-BF4B-00C04F79EFBC}") = "PrototypePattern", "PrototypePattern\PrototypePattern.csproj", "{0CCEA863-D706-420F-8C72-129A981538A6}"
EndProject
Project("{FAE04EC0-301F-11D3-BF4B-00C04F79EFBC}") = "PrototypePatternTests", "PrototypePatternTests\PrototypePatternTests.csproj", "{1A1BADC6-49F9-4B3D-9B0A-52C94E717521}"
EndProject
Project("{FAE04EC0-301F-11D3-BF4B-00C04F79EFBC}") = "TemplateMethod", "TemplateMethod\TemplateMethod.csproj", "{31387D93-C399-46C7-BF7F-DBE9BAEF95E3}"
EndProject
Project("{FAE04EC0-301F-11D3-BF4B-00C04F79EFBC}") = "TemplateMethodTests", "TemplateMethodTests\TemplateMethodTests.csproj", "{18DABAF4-DA64-4337-83A3-3F0798C2131A}"
EndProject
Project("{FAE04EC0-301F-11D3-BF4B-00C04F79EFBC}") = "SimpleFactoryMethodPattern", "SimpleFactoryMethodPattern\SimpleFactoryMethodPattern.csproj", "{315F3A7F-FA5F-4A04-9AC8-BCC14D43B609}"
EndProject
Project("{FAE04EC0-301F-11D3-BF4B-00C04F79EFBC}") = "FactoryMethodPattern", "FactoryMethodPattern\FactoryMethodPattern.csproj", "{9CC22D66-8B58-4B4E-ADCE-6014419595F2}"
EndProject
Project("{FAE04EC0-301F-11D3-BF4B-00C04F79EFBC}") = "AbstractFactoryPattern", "AbstractFactoryPattern\AbstractFactoryPattern.csproj", "{CA5A619A-E248-4124-A2D8-ABD68201858D}"
EndProject
Project("{FAE04EC0-301F-11D3-BF4B-00C04F79EFBC}") = "SigletonPattern", "SigletonPattern\SigletonPattern.csproj", "{4DCE7D41-98D3-48A4-9B8A-43BB5A89B0B2}"
EndProject
Project("{FAE04EC0-301F-11D3-BF4B-00C04F79EFBC}") = "StatePattern", "StatePattern\StatePattern.csproj", "{A725D14F-15CE-4A6F-AC65-B69254FD1C3D}"
EndProject
Project("{FAE04EC0-301F-11D3-BF4B-00C04F79EFBC}") = "StrategyPattern", "StrategyPattern\StrategyPattern.csproj", "{AF4D9B41-A703-4567-B543-2BC0BC19965C}"
EndProject
Project("{FAE04EC0-301F-11D3-BF4B-00C04F79EFBC}") = "StatePatternTests", "StatePatternTests\StatePatternTests.csproj", "{B517A2D7-FCAD-4FCD-9D66-EBD885455102}"
EndProject
Project("{FAE04EC0-301F-11D3-BF4B-00C04F79EFBC}") = "ChainOfResponsibilityPattern", "ChainOfResponsibilityPattern\ChainOfResponsibilityPattern.csproj", "{5C67BBA2-22C6-45A2-8AF8-2895CF7CCCED}"
EndProject
Project("{FAE04EC0-301F-11D3-BF4B-00C04F79EFBC}") = "ChainOfResponsibilityPatternTests", "ChainOfResponsibilityPatternTests\ChainOfResponsibilityPatternTests.csproj", "{4545ACD7-0A3E-422C-8487-7AD0C4388E82}"
EndProject
Project("{FAE04EC0-301F-11D3-BF4B-00C04F79EFBC}") = "StrategyPatternTests", "StrategyPatternTests\StrategyPatternTests.csproj", "{FD3717CD-D22E-46AA-A3B9-B22DEB3E1DB3}"
EndProject
Project("{FAE04EC0-301F-11D3-BF4B-00C04F79EFBC}") = "VistorPattern", "VistorPattern\VistorPattern.csproj", "{CD533CB2-AFC5-4BFE-BDD8-C3D4E706D368}"
EndProject
Project("{FAE04EC0-301F-11D3-BF4B-00C04F79EFBC}") = "VistorPatternTests", "VistorPatternTests\VistorPatternTests.csproj", "{0A226C59-A36A-48E7-9F69-75478DA0AF28}"
EndProject
Project("{FAE04EC0-301F-11D3-BF4B-00C04F79EFBC}") = "IteratorPattern", "IteratorPattern\IteratorPattern.csproj", "{021E51BE-8A3F-4437-B4B3-A6F20B303AA4}"
EndProject
Project("{FAE04EC0-301F-11D3-BF4B-00C04F79EFBC}") = "CommandPattern", "CommandPattern\CommandPattern.csproj", "{D1B9B5AA-16E5-49A8-902A-2F0295AF99A5}"
EndProject
Project("{FAE04EC0-301F-11D3-BF4B-00C04F79EFBC}") = "MementoPattern", "MementoPattern\MementoPattern.csproj", "{0289A1DD-2927-43A0-B7F3-5D64F8450CCF}"
EndProject
Project("{FAE04EC0-301F-11D3-BF4B-00C04F79EFBC}") = "MementoPatternTests", "MementoPatternTests\MementoPatternTests.csproj", "{F2EF1ACA-9B3A-4474-B594-58BAC9F0A550}"
EndProject
Project("{FAE04EC0-301F-11D3-BF4B-00C04F79EFBC}") = "CommandPatternTests", "CommandPatternTests\CommandPatternTests.csproj", "{B0D1F3DD-9652-46D8-A5BA-D63017B81D99}"
EndProject
Project("{FAE04EC0-301F-11D3-BF4B-00C04F79EFBC}") = "MediatorPattern", "MediatorPattern\MediatorPattern.csproj", "{2839B863-8ADB-4990-A11D-E3E2BD95C0D6}"
EndProject
Project("{FAE04EC0-301F-11D3-BF4B-00C04F79EFBC}") = "MediatorPatternTests", "MediatorPatternTests\MediatorPatternTests.csproj", "{772CE35B-3F43-42E6-B484-4C484550EC7B}"
EndProject
Project("{FAE04EC0-301F-11D3-BF4B-00C04F79EFBC}") = "InterpreterPattern", "InterpreterPattern\InterpreterPattern.csproj", "{DD868855-D3C1-423C-8873-533ED468BCD0}"
EndProject
Project("{FAE04EC0-301F-11D3-BF4B-00C04F79EFBC}") = "InterpreterPatternTests", "InterpreterPatternTests\InterpreterPatternTests.csproj", "{7308C795-C908-4710-8F9C-917129B2420E}"
EndProject
Project("{FAE04EC0-301F-11D3-BF4B-00C04F79EFBC}") = "ObserverPattern", "ObserverPattern\ObserverPattern.csproj", "{A0D7F1C7-A2A4-4FFB-AC49-7C8FC938FCFA}"
EndProject
Project("{FAE04EC0-301F-11D3-BF4B-00C04F79EFBC}") = "ObserverPatternTests", "ObserverPatternTests\ObserverPatternTests.csproj", "{F1583852-B384-4BCD-9787-5621E404D4E0}"
EndProject
Project("{FAE04EC0-301F-11D3-BF4B-00C04F79EFBC}") = "ProxyPattern", "ProxyPattern\ProxyPattern.csproj", "{4D58CC7A-B8AC-4C16-B3B4-233F51CFAEE8}"
EndProject
Project("{FAE04EC0-301F-11D3-BF4B-00C04F79EFBC}") = "FacadePattern", "FacadePattern\FacadePattern.csproj", "{E1E77DDB-26CA-4DF2-A09A-958D32A2FF59}"
EndProject
Project("{FAE04EC0-301F-11D3-BF4B-00C04F79EFBC}") = "AdapterPattern", "AdapterPattern\AdapterPattern.csproj", "{981C195A-0E5A-421D-A2FE-86644D311F19}"
EndProject
Project("{FAE04EC0-301F-11D3-BF4B-00C04F79EFBC}") = "DecoratePattern", "DecoratePattern\DecoratePattern.csproj", "{C353216F-C78D-45B1-97D8-741980A18211}"
EndProject
Project("{FAE04EC0-301F-11D3-BF4B-00C04F79EFBC}") = "ProxyPatternTests", "ProxyPatternTests\ProxyPatternTests.csproj", "{6C827DB4-1DFA-4DF8-B8E4-EFB4CD40B751}"
EndProject
Project("{FAE04EC0-301F-11D3-BF4B-00C04F79EFBC}") = "AdapterPatternTests", "AdapterPatternTests\AdapterPatternTests.csproj", "{6AF9A36D-DDEF-4676-90F3-6E112989DC2B}"
EndProject
Project("{FAE04EC0-301F-11D3-BF4B-00C04F79EFBC}") = "DecoratePatternTests", "DecoratePatternTests\DecoratePatternTests.csproj", "{4F808B8B-D677-459B-B212-FB4B18A6E96B}"
EndProject
Project("{FAE04EC0-301F-11D3-BF4B-00C04F79EFBC}") = "FacadePatternTests", "FacadePatternTests\FacadePatternTests.csproj", "{8A02006F-C892-4EDA-B86B-06407EC3E1ED}"
EndProject
Project("{FAE04EC0-301F-11D3-BF4B-00C04F79EFBC}") = "BridgePattern", "BridgePattern\BridgePattern.csproj", "{6AE67437-607E-4274-8169-40A5D3CD9159}"
EndProject
Project("{FAE04EC0-301F-11D3-BF4B-00C04F79EFBC}") = "CompositePattern", "CompositePattern\CompositePattern.csproj", "{7BD48B23-2E4E-47E7-AB71-1F0EB7FC1CA5}"
EndProject
Project("{FAE04EC0-301F-11D3-BF4B-00C04F79EFBC}") = "FlyWeightPattern", "FlyWeightPattern\FlyWeightPattern.csproj", "{A80F9740-939A-424C-A540-04E9651F641A}"
EndProject
Project("{FAE04EC0-301F-11D3-BF4B-00C04F79EFBC}") = "BridgePatternTests", "BridgePatternTests\BridgePatternTests.csproj", "{59E11FEB-54A5-423F-95AD-0A6BD6B4B773}"
EndProject
Project("{FAE04EC0-301F-11D3-BF4B-00C04F79EFBC}") = "FlyWeightPatternTests", "FlyWeightPatternTests\FlyWeightPatternTests.csproj", "{3E1C5CF7-7AF8-4291-8716-03BAAA924D44}"
EndProject
Project("{FAE04EC0-301F-11D3-BF4B-00C04F79EFBC}") = "CompositePatternTests", "CompositePatternTests\CompositePatternTests.csproj", "{E89C27DF-DE54-4C5C-AAC5-639C60CC66FF}"
EndProject
Project("{FAE04EC0-301F-11D3-BF4B-00C04F79EFBC}") = "SigletonPatternTests", "SigletonPatternTests\SigletonPatternTests.csproj", "{BEA1A908-858C-4CE3-9C72-90F609E12747}"
EndProject
Project("{FAE04EC0-301F-11D3-BF4B-00C04F79EFBC}") = "SimpleFactoryMethodPatternTests", "SimpleFactoryMethodPatternTests\SimpleFactoryMethodPatternTests.csproj", "{0E25C675-BF7A-40A8-A7CF-BA7DE806C1C3}"
EndProject
Project("{FAE04EC0-301F-11D3-BF4B-00C04F79EFBC}") = "FactoryMethodPatternTests", "FactoryMethodPatternTests\FactoryMethodPatternTests.csproj", "{CA9CB983-BC8A-40CC-868B-062032D1CDBB}"
EndProject
Project("{FAE04EC0-301F-11D3-BF4B-00C04F79EFBC}") = "AbstractFactoryPatternTests", "AbstractFactoryPatternTests\AbstractFactoryPatternTests.csproj", "{CE7FEE74-7D6A-4AFC-A1A9-B0FDB4D70031}"
EndProject
Global
	GlobalSection(SolutionConfigurationPlatforms) = preSolution
		Debug|Any CPU = Debug|Any CPU
		Release|Any CPU = Release|Any CPU
	EndGlobalSection
	GlobalSection(ProjectConfigurationPlatforms) = postSolution
		{7CCC9689-F94B-4A8A-8BFD-02CED7E25EC9}.Debug|Any CPU.ActiveCfg = Debug|Any CPU
		{7CCC9689-F94B-4A8A-8BFD-02CED7E25EC9}.Debug|Any CPU.Build.0 = Debug|Any CPU
		{7CCC9689-F94B-4A8A-8BFD-02CED7E25EC9}.Release|Any CPU.ActiveCfg = Release|Any CPU
		{7CCC9689-F94B-4A8A-8BFD-02CED7E25EC9}.Release|Any CPU.Build.0 = Release|Any CPU
		{D1963C8B-6D70-4610-8021-3CACF66B933D}.Debug|Any CPU.ActiveCfg = Debug|Any CPU
		{D1963C8B-6D70-4610-8021-3CACF66B933D}.Debug|Any CPU.Build.0 = Debug|Any CPU
		{D1963C8B-6D70-4610-8021-3CACF66B933D}.Release|Any CPU.ActiveCfg = Release|Any CPU
		{D1963C8B-6D70-4610-8021-3CACF66B933D}.Release|Any CPU.Build.0 = Release|Any CPU
		{0CCEA863-D706-420F-8C72-129A981538A6}.Debug|Any CPU.ActiveCfg = Debug|Any CPU
		{0CCEA863-D706-420F-8C72-129A981538A6}.Debug|Any CPU.Build.0 = Debug|Any CPU
		{0CCEA863-D706-420F-8C72-129A981538A6}.Release|Any CPU.ActiveCfg = Release|Any CPU
		{0CCEA863-D706-420F-8C72-129A981538A6}.Release|Any CPU.Build.0 = Release|Any CPU
		{1A1BADC6-49F9-4B3D-9B0A-52C94E717521}.Debug|Any CPU.ActiveCfg = Debug|Any CPU
		{1A1BADC6-49F9-4B3D-9B0A-52C94E717521}.Debug|Any CPU.Build.0 = Debug|Any CPU
		{1A1BADC6-49F9-4B3D-9B0A-52C94E717521}.Release|Any CPU.ActiveCfg = Release|Any CPU
		{1A1BADC6-49F9-4B3D-9B0A-52C94E717521}.Release|Any CPU.Build.0 = Release|Any CPU
		{31387D93-C399-46C7-BF7F-DBE9BAEF95E3}.Debug|Any CPU.ActiveCfg = Debug|Any CPU
		{31387D93-C399-46C7-BF7F-DBE9BAEF95E3}.Debug|Any CPU.Build.0 = Debug|Any CPU
		{31387D93-C399-46C7-BF7F-DBE9BAEF95E3}.Release|Any CPU.ActiveCfg = Release|Any CPU
		{31387D93-C399-46C7-BF7F-DBE9BAEF95E3}.Release|Any CPU.Build.0 = Release|Any CPU
		{18DABAF4-DA64-4337-83A3-3F0798C2131A}.Debug|Any CPU.ActiveCfg = Debug|Any CPU
		{18DABAF4-DA64-4337-83A3-3F0798C2131A}.Debug|Any CPU.Build.0 = Debug|Any CPU
		{18DABAF4-DA64-4337-83A3-3F0798C2131A}.Release|Any CPU.ActiveCfg = Release|Any CPU
		{18DABAF4-DA64-4337-83A3-3F0798C2131A}.Release|Any CPU.Build.0 = Release|Any CPU
		{315F3A7F-FA5F-4A04-9AC8-BCC14D43B609}.Debug|Any CPU.ActiveCfg = Debug|Any CPU
		{315F3A7F-FA5F-4A04-9AC8-BCC14D43B609}.Debug|Any CPU.Build.0 = Debug|Any CPU
		{315F3A7F-FA5F-4A04-9AC8-BCC14D43B609}.Release|Any CPU.ActiveCfg = Release|Any CPU
		{315F3A7F-FA5F-4A04-9AC8-BCC14D43B609}.Release|Any CPU.Build.0 = Release|Any CPU
		{9CC22D66-8B58-4B4E-ADCE-6014419595F2}.Debug|Any CPU.ActiveCfg = Debug|Any CPU
		{9CC22D66-8B58-4B4E-ADCE-6014419595F2}.Debug|Any CPU.Build.0 = Debug|Any CPU
		{9CC22D66-8B58-4B4E-ADCE-6014419595F2}.Release|Any CPU.ActiveCfg = Release|Any CPU
		{9CC22D66-8B58-4B4E-ADCE-6014419595F2}.Release|Any CPU.Build.0 = Release|Any CPU
		{CA5A619A-E248-4124-A2D8-ABD68201858D}.Debug|Any CPU.ActiveCfg = Debug|Any CPU
		{CA5A619A-E248-4124-A2D8-ABD68201858D}.Debug|Any CPU.Build.0 = Debug|Any CPU
		{CA5A619A-E248-4124-A2D8-ABD68201858D}.Release|Any CPU.ActiveCfg = Release|Any CPU
		{CA5A619A-E248-4124-A2D8-ABD68201858D}.Release|Any CPU.Build.0 = Release|Any CPU
		{4DCE7D41-98D3-48A4-9B8A-43BB5A89B0B2}.Debug|Any CPU.ActiveCfg = Debug|Any CPU
		{4DCE7D41-98D3-48A4-9B8A-43BB5A89B0B2}.Debug|Any CPU.Build.0 = Debug|Any CPU
		{4DCE7D41-98D3-48A4-9B8A-43BB5A89B0B2}.Release|Any CPU.ActiveCfg = Release|Any CPU
		{4DCE7D41-98D3-48A4-9B8A-43BB5A89B0B2}.Release|Any CPU.Build.0 = Release|Any CPU
		{A725D14F-15CE-4A6F-AC65-B69254FD1C3D}.Debug|Any CPU.ActiveCfg = Debug|Any CPU
		{A725D14F-15CE-4A6F-AC65-B69254FD1C3D}.Debug|Any CPU.Build.0 = Debug|Any CPU
		{A725D14F-15CE-4A6F-AC65-B69254FD1C3D}.Release|Any CPU.ActiveCfg = Release|Any CPU
		{A725D14F-15CE-4A6F-AC65-B69254FD1C3D}.Release|Any CPU.Build.0 = Release|Any CPU
		{AF4D9B41-A703-4567-B543-2BC0BC19965C}.Debug|Any CPU.ActiveCfg = Debug|Any CPU
		{AF4D9B41-A703-4567-B543-2BC0BC19965C}.Debug|Any CPU.Build.0 = Debug|Any CPU
		{AF4D9B41-A703-4567-B543-2BC0BC19965C}.Release|Any CPU.ActiveCfg = Release|Any CPU
		{AF4D9B41-A703-4567-B543-2BC0BC19965C}.Release|Any CPU.Build.0 = Release|Any CPU
		{B517A2D7-FCAD-4FCD-9D66-EBD885455102}.Debug|Any CPU.ActiveCfg = Debug|Any CPU
		{B517A2D7-FCAD-4FCD-9D66-EBD885455102}.Debug|Any CPU.Build.0 = Debug|Any CPU
		{B517A2D7-FCAD-4FCD-9D66-EBD885455102}.Release|Any CPU.ActiveCfg = Release|Any CPU
		{B517A2D7-FCAD-4FCD-9D66-EBD885455102}.Release|Any CPU.Build.0 = Release|Any CPU
		{5C67BBA2-22C6-45A2-8AF8-2895CF7CCCED}.Debug|Any CPU.ActiveCfg = Debug|Any CPU
		{5C67BBA2-22C6-45A2-8AF8-2895CF7CCCED}.Debug|Any CPU.Build.0 = Debug|Any CPU
		{5C67BBA2-22C6-45A2-8AF8-2895CF7CCCED}.Release|Any CPU.ActiveCfg = Release|Any CPU
		{5C67BBA2-22C6-45A2-8AF8-2895CF7CCCED}.Release|Any CPU.Build.0 = Release|Any CPU
		{4545ACD7-0A3E-422C-8487-7AD0C4388E82}.Debug|Any CPU.ActiveCfg = Debug|Any CPU
		{4545ACD7-0A3E-422C-8487-7AD0C4388E82}.Debug|Any CPU.Build.0 = Debug|Any CPU
		{4545ACD7-0A3E-422C-8487-7AD0C4388E82}.Release|Any CPU.ActiveCfg = Release|Any CPU
		{4545ACD7-0A3E-422C-8487-7AD0C4388E82}.Release|Any CPU.Build.0 = Release|Any CPU
		{FD3717CD-D22E-46AA-A3B9-B22DEB3E1DB3}.Debug|Any CPU.ActiveCfg = Debug|Any CPU
		{FD3717CD-D22E-46AA-A3B9-B22DEB3E1DB3}.Debug|Any CPU.Build.0 = Debug|Any CPU
		{FD3717CD-D22E-46AA-A3B9-B22DEB3E1DB3}.Release|Any CPU.ActiveCfg = Release|Any CPU
		{FD3717CD-D22E-46AA-A3B9-B22DEB3E1DB3}.Release|Any CPU.Build.0 = Release|Any CPU
		{CD533CB2-AFC5-4BFE-BDD8-C3D4E706D368}.Debug|Any CPU.ActiveCfg = Debug|Any CPU
		{CD533CB2-AFC5-4BFE-BDD8-C3D4E706D368}.Debug|Any CPU.Build.0 = Debug|Any CPU
		{CD533CB2-AFC5-4BFE-BDD8-C3D4E706D368}.Release|Any CPU.ActiveCfg = Release|Any CPU
		{CD533CB2-AFC5-4BFE-BDD8-C3D4E706D368}.Release|Any CPU.Build.0 = Release|Any CPU
		{0A226C59-A36A-48E7-9F69-75478DA0AF28}.Debug|Any CPU.ActiveCfg = Debug|Any CPU
		{0A226C59-A36A-48E7-9F69-75478DA0AF28}.Debug|Any CPU.Build.0 = Debug|Any CPU
		{0A226C59-A36A-48E7-9F69-75478DA0AF28}.Release|Any CPU.ActiveCfg = Release|Any CPU
		{0A226C59-A36A-48E7-9F69-75478DA0AF28}.Release|Any CPU.Build.0 = Release|Any CPU
		{021E51BE-8A3F-4437-B4B3-A6F20B303AA4}.Debug|Any CPU.ActiveCfg = Debug|Any CPU
		{021E51BE-8A3F-4437-B4B3-A6F20B303AA4}.Debug|Any CPU.Build.0 = Debug|Any CPU
		{021E51BE-8A3F-4437-B4B3-A6F20B303AA4}.Release|Any CPU.ActiveCfg = Release|Any CPU
		{021E51BE-8A3F-4437-B4B3-A6F20B303AA4}.Release|Any CPU.Build.0 = Release|Any CPU
		{D1B9B5AA-16E5-49A8-902A-2F0295AF99A5}.Debug|Any CPU.ActiveCfg = Debug|Any CPU
		{D1B9B5AA-16E5-49A8-902A-2F0295AF99A5}.Debug|Any CPU.Build.0 = Debug|Any CPU
		{D1B9B5AA-16E5-49A8-902A-2F0295AF99A5}.Release|Any CPU.ActiveCfg = Release|Any CPU
		{D1B9B5AA-16E5-49A8-902A-2F0295AF99A5}.Release|Any CPU.Build.0 = Release|Any CPU
		{0289A1DD-2927-43A0-B7F3-5D64F8450CCF}.Debug|Any CPU.ActiveCfg = Debug|Any CPU
		{0289A1DD-2927-43A0-B7F3-5D64F8450CCF}.Debug|Any CPU.Build.0 = Debug|Any CPU
		{0289A1DD-2927-43A0-B7F3-5D64F8450CCF}.Release|Any CPU.ActiveCfg = Release|Any CPU
		{0289A1DD-2927-43A0-B7F3-5D64F8450CCF}.Release|Any CPU.Build.0 = Release|Any CPU
		{F2EF1ACA-9B3A-4474-B594-58BAC9F0A550}.Debug|Any CPU.ActiveCfg = Debug|Any CPU
		{F2EF1ACA-9B3A-4474-B594-58BAC9F0A550}.Debug|Any CPU.Build.0 = Debug|Any CPU
		{F2EF1ACA-9B3A-4474-B594-58BAC9F0A550}.Release|Any CPU.ActiveCfg = Release|Any CPU
		{F2EF1ACA-9B3A-4474-B594-58BAC9F0A550}.Release|Any CPU.Build.0 = Release|Any CPU
		{B0D1F3DD-9652-46D8-A5BA-D63017B81D99}.Debug|Any CPU.ActiveCfg = Debug|Any CPU
		{B0D1F3DD-9652-46D8-A5BA-D63017B81D99}.Debug|Any CPU.Build.0 = Debug|Any CPU
		{B0D1F3DD-9652-46D8-A5BA-D63017B81D99}.Release|Any CPU.ActiveCfg = Release|Any CPU
		{B0D1F3DD-9652-46D8-A5BA-D63017B81D99}.Release|Any CPU.Build.0 = Release|Any CPU
		{2839B863-8ADB-4990-A11D-E3E2BD95C0D6}.Debug|Any CPU.ActiveCfg = Debug|Any CPU
		{2839B863-8ADB-4990-A11D-E3E2BD95C0D6}.Debug|Any CPU.Build.0 = Debug|Any CPU
		{2839B863-8ADB-4990-A11D-E3E2BD95C0D6}.Release|Any CPU.ActiveCfg = Release|Any CPU
		{2839B863-8ADB-4990-A11D-E3E2BD95C0D6}.Release|Any CPU.Build.0 = Release|Any CPU
		{772CE35B-3F43-42E6-B484-4C484550EC7B}.Debug|Any CPU.ActiveCfg = Debug|Any CPU
		{772CE35B-3F43-42E6-B484-4C484550EC7B}.Debug|Any CPU.Build.0 = Debug|Any CPU
		{772CE35B-3F43-42E6-B484-4C484550EC7B}.Release|Any CPU.ActiveCfg = Release|Any CPU
		{772CE35B-3F43-42E6-B484-4C484550EC7B}.Release|Any CPU.Build.0 = Release|Any CPU
		{DD868855-D3C1-423C-8873-533ED468BCD0}.Debug|Any CPU.ActiveCfg = Debug|Any CPU
		{DD868855-D3C1-423C-8873-533ED468BCD0}.Debug|Any CPU.Build.0 = Debug|Any CPU
		{DD868855-D3C1-423C-8873-533ED468BCD0}.Release|Any CPU.ActiveCfg = Release|Any CPU
		{DD868855-D3C1-423C-8873-533ED468BCD0}.Release|Any CPU.Build.0 = Release|Any CPU
		{7308C795-C908-4710-8F9C-917129B2420E}.Debug|Any CPU.ActiveCfg = Debug|Any CPU
		{7308C795-C908-4710-8F9C-917129B2420E}.Debug|Any CPU.Build.0 = Debug|Any CPU
		{7308C795-C908-4710-8F9C-917129B2420E}.Release|Any CPU.ActiveCfg = Release|Any CPU
		{7308C795-C908-4710-8F9C-917129B2420E}.Release|Any CPU.Build.0 = Release|Any CPU
		{A0D7F1C7-A2A4-4FFB-AC49-7C8FC938FCFA}.Debug|Any CPU.ActiveCfg = Debug|Any CPU
		{A0D7F1C7-A2A4-4FFB-AC49-7C8FC938FCFA}.Debug|Any CPU.Build.0 = Debug|Any CPU
		{A0D7F1C7-A2A4-4FFB-AC49-7C8FC938FCFA}.Release|Any CPU.ActiveCfg = Release|Any CPU
		{A0D7F1C7-A2A4-4FFB-AC49-7C8FC938FCFA}.Release|Any CPU.Build.0 = Release|Any CPU
		{F1583852-B384-4BCD-9787-5621E404D4E0}.Debug|Any CPU.ActiveCfg = Debug|Any CPU
		{F1583852-B384-4BCD-9787-5621E404D4E0}.Debug|Any CPU.Build.0 = Debug|Any CPU
		{F1583852-B384-4BCD-9787-5621E404D4E0}.Release|Any CPU.ActiveCfg = Release|Any CPU
		{F1583852-B384-4BCD-9787-5621E404D4E0}.Release|Any CPU.Build.0 = Release|Any CPU
		{4D58CC7A-B8AC-4C16-B3B4-233F51CFAEE8}.Debug|Any CPU.ActiveCfg = Debug|Any CPU
		{4D58CC7A-B8AC-4C16-B3B4-233F51CFAEE8}.Debug|Any CPU.Build.0 = Debug|Any CPU
		{4D58CC7A-B8AC-4C16-B3B4-233F51CFAEE8}.Release|Any CPU.ActiveCfg = Release|Any CPU
		{4D58CC7A-B8AC-4C16-B3B4-233F51CFAEE8}.Release|Any CPU.Build.0 = Release|Any CPU
		{E1E77DDB-26CA-4DF2-A09A-958D32A2FF59}.Debug|Any CPU.ActiveCfg = Debug|Any CPU
		{E1E77DDB-26CA-4DF2-A09A-958D32A2FF59}.Debug|Any CPU.Build.0 = Debug|Any CPU
		{E1E77DDB-26CA-4DF2-A09A-958D32A2FF59}.Release|Any CPU.ActiveCfg = Release|Any CPU
		{E1E77DDB-26CA-4DF2-A09A-958D32A2FF59}.Release|Any CPU.Build.0 = Release|Any CPU
		{981C195A-0E5A-421D-A2FE-86644D311F19}.Debug|Any CPU.ActiveCfg = Debug|Any CPU
		{981C195A-0E5A-421D-A2FE-86644D311F19}.Debug|Any CPU.Build.0 = Debug|Any CPU
		{981C195A-0E5A-421D-A2FE-86644D311F19}.Release|Any CPU.ActiveCfg = Release|Any CPU
		{981C195A-0E5A-421D-A2FE-86644D311F19}.Release|Any CPU.Build.0 = Release|Any CPU
		{C353216F-C78D-45B1-97D8-741980A18211}.Debug|Any CPU.ActiveCfg = Debug|Any CPU
		{C353216F-C78D-45B1-97D8-741980A18211}.Debug|Any CPU.Build.0 = Debug|Any CPU
		{C353216F-C78D-45B1-97D8-741980A18211}.Release|Any CPU.ActiveCfg = Release|Any CPU
		{C353216F-C78D-45B1-97D8-741980A18211}.Release|Any CPU.Build.0 = Release|Any CPU
		{6C827DB4-1DFA-4DF8-B8E4-EFB4CD40B751}.Debug|Any CPU.ActiveCfg = Debug|Any CPU
		{6C827DB4-1DFA-4DF8-B8E4-EFB4CD40B751}.Debug|Any CPU.Build.0 = Debug|Any CPU
		{6C827DB4-1DFA-4DF8-B8E4-EFB4CD40B751}.Release|Any CPU.ActiveCfg = Release|Any CPU
		{6C827DB4-1DFA-4DF8-B8E4-EFB4CD40B751}.Release|Any CPU.Build.0 = Release|Any CPU
		{6AF9A36D-DDEF-4676-90F3-6E112989DC2B}.Debug|Any CPU.ActiveCfg = Debug|Any CPU
		{6AF9A36D-DDEF-4676-90F3-6E112989DC2B}.Debug|Any CPU.Build.0 = Debug|Any CPU
		{6AF9A36D-DDEF-4676-90F3-6E112989DC2B}.Release|Any CPU.ActiveCfg = Release|Any CPU
		{6AF9A36D-DDEF-4676-90F3-6E112989DC2B}.Release|Any CPU.Build.0 = Release|Any CPU
		{4F808B8B-D677-459B-B212-FB4B18A6E96B}.Debug|Any CPU.ActiveCfg = Debug|Any CPU
		{4F808B8B-D677-459B-B212-FB4B18A6E96B}.Debug|Any CPU.Build.0 = Debug|Any CPU
		{4F808B8B-D677-459B-B212-FB4B18A6E96B}.Release|Any CPU.ActiveCfg = Release|Any CPU
		{4F808B8B-D677-459B-B212-FB4B18A6E96B}.Release|Any CPU.Build.0 = Release|Any CPU
		{8A02006F-C892-4EDA-B86B-06407EC3E1ED}.Debug|Any CPU.ActiveCfg = Debug|Any CPU
		{8A02006F-C892-4EDA-B86B-06407EC3E1ED}.Debug|Any CPU.Build.0 = Debug|Any CPU
		{8A02006F-C892-4EDA-B86B-06407EC3E1ED}.Release|Any CPU.ActiveCfg = Release|Any CPU
		{8A02006F-C892-4EDA-B86B-06407EC3E1ED}.Release|Any CPU.Build.0 = Release|Any CPU
		{6AE67437-607E-4274-8169-40A5D3CD9159}.Debug|Any CPU.ActiveCfg = Debug|Any CPU
		{6AE67437-607E-4274-8169-40A5D3CD9159}.Debug|Any CPU.Build.0 = Debug|Any CPU
		{6AE67437-607E-4274-8169-40A5D3CD9159}.Release|Any CPU.ActiveCfg = Release|Any CPU
		{6AE67437-607E-4274-8169-40A5D3CD9159}.Release|Any CPU.Build.0 = Release|Any CPU
		{7BD48B23-2E4E-47E7-AB71-1F0EB7FC1CA5}.Debug|Any CPU.ActiveCfg = Debug|Any CPU
		{7BD48B23-2E4E-47E7-AB71-1F0EB7FC1CA5}.Debug|Any CPU.Build.0 = Debug|Any CPU
		{7BD48B23-2E4E-47E7-AB71-1F0EB7FC1CA5}.Release|Any CPU.ActiveCfg = Release|Any CPU
		{7BD48B23-2E4E-47E7-AB71-1F0EB7FC1CA5}.Release|Any CPU.Build.0 = Release|Any CPU
		{A80F9740-939A-424C-A540-04E9651F641A}.Debug|Any CPU.ActiveCfg = Debug|Any CPU
		{A80F9740-939A-424C-A540-04E9651F641A}.Debug|Any CPU.Build.0 = Debug|Any CPU
		{A80F9740-939A-424C-A540-04E9651F641A}.Release|Any CPU.ActiveCfg = Release|Any CPU
		{A80F9740-939A-424C-A540-04E9651F641A}.Release|Any CPU.Build.0 = Release|Any CPU
		{59E11FEB-54A5-423F-95AD-0A6BD6B4B773}.Debug|Any CPU.ActiveCfg = Debug|Any CPU
		{59E11FEB-54A5-423F-95AD-0A6BD6B4B773}.Debug|Any CPU.Build.0 = Debug|Any CPU
		{59E11FEB-54A5-423F-95AD-0A6BD6B4B773}.Release|Any CPU.ActiveCfg = Release|Any CPU
		{59E11FEB-54A5-423F-95AD-0A6BD6B4B773}.Release|Any CPU.Build.0 = Release|Any CPU
		{3E1C5CF7-7AF8-4291-8716-03BAAA924D44}.Debug|Any CPU.ActiveCfg = Debug|Any CPU
		{3E1C5CF7-7AF8-4291-8716-03BAAA924D44}.Debug|Any CPU.Build.0 = Debug|Any CPU
		{3E1C5CF7-7AF8-4291-8716-03BAAA924D44}.Release|Any CPU.ActiveCfg = Release|Any CPU
		{3E1C5CF7-7AF8-4291-8716-03BAAA924D44}.Release|Any CPU.Build.0 = Release|Any CPU
		{E89C27DF-DE54-4C5C-AAC5-639C60CC66FF}.Debug|Any CPU.ActiveCfg = Debug|Any CPU
		{E89C27DF-DE54-4C5C-AAC5-639C60CC66FF}.Debug|Any CPU.Build.0 = Debug|Any CPU
		{E89C27DF-DE54-4C5C-AAC5-639C60CC66FF}.Release|Any CPU.ActiveCfg = Release|Any CPU
		{E89C27DF-DE54-4C5C-AAC5-639C60CC66FF}.Release|Any CPU.Build.0 = Release|Any CPU
		{BEA1A908-858C-4CE3-9C72-90F609E12747}.Debug|Any CPU.ActiveCfg = Debug|Any CPU
		{BEA1A908-858C-4CE3-9C72-90F609E12747}.Debug|Any CPU.Build.0 = Debug|Any CPU
		{BEA1A908-858C-4CE3-9C72-90F609E12747}.Release|Any CPU.ActiveCfg = Release|Any CPU
		{BEA1A908-858C-4CE3-9C72-90F609E12747}.Release|Any CPU.Build.0 = Release|Any CPU
		{0E25C675-BF7A-40A8-A7CF-BA7DE806C1C3}.Debug|Any CPU.ActiveCfg = Debug|Any CPU
		{0E25C675-BF7A-40A8-A7CF-BA7DE806C1C3}.Debug|Any CPU.Build.0 = Debug|Any CPU
		{0E25C675-BF7A-40A8-A7CF-BA7DE806C1C3}.Release|Any CPU.ActiveCfg = Release|Any CPU
		{0E25C675-BF7A-40A8-A7CF-BA7DE806C1C3}.Release|Any CPU.Build.0 = Release|Any CPU
		{CA9CB983-BC8A-40CC-868B-062032D1CDBB}.Debug|Any CPU.ActiveCfg = Debug|Any CPU
		{CA9CB983-BC8A-40CC-868B-062032D1CDBB}.Debug|Any CPU.Build.0 = Debug|Any CPU
		{CA9CB983-BC8A-40CC-868B-062032D1CDBB}.Release|Any CPU.ActiveCfg = Release|Any CPU
		{CA9CB983-BC8A-40CC-868B-062032D1CDBB}.Release|Any CPU.Build.0 = Release|Any CPU
		{CE7FEE74-7D6A-4AFC-A1A9-B0FDB4D70031}.Debug|Any CPU.ActiveCfg = Debug|Any CPU
		{CE7FEE74-7D6A-4AFC-A1A9-B0FDB4D70031}.Debug|Any CPU.Build.0 = Debug|Any CPU
		{CE7FEE74-7D6A-4AFC-A1A9-B0FDB4D70031}.Release|Any CPU.ActiveCfg = Release|Any CPU
		{CE7FEE74-7D6A-4AFC-A1A9-B0FDB4D70031}.Release|Any CPU.Build.0 = Release|Any CPU
	EndGlobalSection
	GlobalSection(SolutionProperties) = preSolution
		HideSolutionNode = FALSE
	EndGlobalSection
	GlobalSection(NestedProjects) = preSolution
		{7CCC9689-F94B-4A8A-8BFD-02CED7E25EC9} = {5D044A08-F267-4AD0-B2C7-AC18F4FFE823}
		{D1963C8B-6D70-4610-8021-3CACF66B933D} = {5D044A08-F267-4AD0-B2C7-AC18F4FFE823}
		{0CCEA863-D706-420F-8C72-129A981538A6} = {5D044A08-F267-4AD0-B2C7-AC18F4FFE823}
		{1A1BADC6-49F9-4B3D-9B0A-52C94E717521} = {5D044A08-F267-4AD0-B2C7-AC18F4FFE823}
		{31387D93-C399-46C7-BF7F-DBE9BAEF95E3} = {FAB87EA3-91BE-470F-A41F-FF35D09B4D6C}
		{18DABAF4-DA64-4337-83A3-3F0798C2131A} = {FAB87EA3-91BE-470F-A41F-FF35D09B4D6C}
		{315F3A7F-FA5F-4A04-9AC8-BCC14D43B609} = {5D044A08-F267-4AD0-B2C7-AC18F4FFE823}
		{9CC22D66-8B58-4B4E-ADCE-6014419595F2} = {5D044A08-F267-4AD0-B2C7-AC18F4FFE823}
		{CA5A619A-E248-4124-A2D8-ABD68201858D} = {5D044A08-F267-4AD0-B2C7-AC18F4FFE823}
		{4DCE7D41-98D3-48A4-9B8A-43BB5A89B0B2} = {5D044A08-F267-4AD0-B2C7-AC18F4FFE823}
		{A725D14F-15CE-4A6F-AC65-B69254FD1C3D} = {FAB87EA3-91BE-470F-A41F-FF35D09B4D6C}
		{AF4D9B41-A703-4567-B543-2BC0BC19965C} = {FAB87EA3-91BE-470F-A41F-FF35D09B4D6C}
		{B517A2D7-FCAD-4FCD-9D66-EBD885455102} = {FAB87EA3-91BE-470F-A41F-FF35D09B4D6C}
		{5C67BBA2-22C6-45A2-8AF8-2895CF7CCCED} = {FAB87EA3-91BE-470F-A41F-FF35D09B4D6C}
		{4545ACD7-0A3E-422C-8487-7AD0C4388E82} = {FAB87EA3-91BE-470F-A41F-FF35D09B4D6C}
		{FD3717CD-D22E-46AA-A3B9-B22DEB3E1DB3} = {FAB87EA3-91BE-470F-A41F-FF35D09B4D6C}
		{CD533CB2-AFC5-4BFE-BDD8-C3D4E706D368} = {FAB87EA3-91BE-470F-A41F-FF35D09B4D6C}
		{0A226C59-A36A-48E7-9F69-75478DA0AF28} = {FAB87EA3-91BE-470F-A41F-FF35D09B4D6C}
		{021E51BE-8A3F-4437-B4B3-A6F20B303AA4} = {FAB87EA3-91BE-470F-A41F-FF35D09B4D6C}
		{D1B9B5AA-16E5-49A8-902A-2F0295AF99A5} = {FAB87EA3-91BE-470F-A41F-FF35D09B4D6C}
		{0289A1DD-2927-43A0-B7F3-5D64F8450CCF} = {FAB87EA3-91BE-470F-A41F-FF35D09B4D6C}
		{F2EF1ACA-9B3A-4474-B594-58BAC9F0A550} = {FAB87EA3-91BE-470F-A41F-FF35D09B4D6C}
		{B0D1F3DD-9652-46D8-A5BA-D63017B81D99} = {FAB87EA3-91BE-470F-A41F-FF35D09B4D6C}
		{2839B863-8ADB-4990-A11D-E3E2BD95C0D6} = {FAB87EA3-91BE-470F-A41F-FF35D09B4D6C}
		{772CE35B-3F43-42E6-B484-4C484550EC7B} = {FAB87EA3-91BE-470F-A41F-FF35D09B4D6C}
		{DD868855-D3C1-423C-8873-533ED468BCD0} = {FAB87EA3-91BE-470F-A41F-FF35D09B4D6C}
		{7308C795-C908-4710-8F9C-917129B2420E} = {FAB87EA3-91BE-470F-A41F-FF35D09B4D6C}
		{A0D7F1C7-A2A4-4FFB-AC49-7C8FC938FCFA} = {FAB87EA3-91BE-470F-A41F-FF35D09B4D6C}
		{F1583852-B384-4BCD-9787-5621E404D4E0} = {FAB87EA3-91BE-470F-A41F-FF35D09B4D6C}
		{4D58CC7A-B8AC-4C16-B3B4-233F51CFAEE8} = {00727AAC-91C9-4FE5-A803-0F1F1D36A9EF}
		{E1E77DDB-26CA-4DF2-A09A-958D32A2FF59} = {00727AAC-91C9-4FE5-A803-0F1F1D36A9EF}
		{981C195A-0E5A-421D-A2FE-86644D311F19} = {00727AAC-91C9-4FE5-A803-0F1F1D36A9EF}
		{C353216F-C78D-45B1-97D8-741980A18211} = {00727AAC-91C9-4FE5-A803-0F1F1D36A9EF}
		{6C827DB4-1DFA-4DF8-B8E4-EFB4CD40B751} = {00727AAC-91C9-4FE5-A803-0F1F1D36A9EF}
		{6AF9A36D-DDEF-4676-90F3-6E112989DC2B} = {00727AAC-91C9-4FE5-A803-0F1F1D36A9EF}
		{4F808B8B-D677-459B-B212-FB4B18A6E96B} = {00727AAC-91C9-4FE5-A803-0F1F1D36A9EF}
		{8A02006F-C892-4EDA-B86B-06407EC3E1ED} = {00727AAC-91C9-4FE5-A803-0F1F1D36A9EF}
		{6AE67437-607E-4274-8169-40A5D3CD9159} = {00727AAC-91C9-4FE5-A803-0F1F1D36A9EF}
		{7BD48B23-2E4E-47E7-AB71-1F0EB7FC1CA5} = {00727AAC-91C9-4FE5-A803-0F1F1D36A9EF}
		{A80F9740-939A-424C-A540-04E9651F641A} = {00727AAC-91C9-4FE5-A803-0F1F1D36A9EF}
		{59E11FEB-54A5-423F-95AD-0A6BD6B4B773} = {00727AAC-91C9-4FE5-A803-0F1F1D36A9EF}
		{3E1C5CF7-7AF8-4291-8716-03BAAA924D44} = {00727AAC-91C9-4FE5-A803-0F1F1D36A9EF}
		{E89C27DF-DE54-4C5C-AAC5-639C60CC66FF} = {00727AAC-91C9-4FE5-A803-0F1F1D36A9EF}
		{BEA1A908-858C-4CE3-9C72-90F609E12747} = {5D044A08-F267-4AD0-B2C7-AC18F4FFE823}
		{0E25C675-BF7A-40A8-A7CF-BA7DE806C1C3} = {5D044A08-F267-4AD0-B2C7-AC18F4FFE823}
		{CA9CB983-BC8A-40CC-868B-062032D1CDBB} = {5D044A08-F267-4AD0-B2C7-AC18F4FFE823}
		{CE7FEE74-7D6A-4AFC-A1A9-B0FDB4D70031} = {5D044A08-F267-4AD0-B2C7-AC18F4FFE823}
	EndGlobalSection
	GlobalSection(ExtensibilityGlobals) = postSolution
		SolutionGuid = {F783FAC9-DAA9-4E87-8D2A-763534CDAF43}
	EndGlobalSection
EndGlobal
